{
  "version": 4,
  "terraform_version": "1.5.7",
  "serial": 38,
  "lineage": "acf2b589-f1f7-eb56-c863-d84a2a47fba5",
  "outputs": {},
  "resources": [
    {
      "mode": "managed",
      "type": "github_actions_variable",
      "name": "repo-deploy-releases",
      "provider": "provider[\"registry.terraform.io/integrations/github\"]",
      "instances": [
        {
          "schema_version": 0,
          "attributes": {
            "created_at": "2025-06-27 08:25:52 +0000 UTC",
            "id": "benchmarkjava:MVN_DEV_REPO_DEPLOY_RELEASES",
            "repository": "benchmarkjava",
            "updated_at": "2025-06-27 08:38:25 +0000 UTC",
            "value": "w2-week2-maven-dev-virtual",
            "variable_name": "MVN_DEV_REPO_DEPLOY_RELEASES"
          },
          "sensitive_attributes": [],
          "private": "bnVsbA=="
        }
      ]
    },
    {
      "mode": "managed",
      "type": "github_actions_variable",
      "name": "var2",
      "provider": "provider[\"registry.terraform.io/integrations/github\"]",
      "instances": [
        {
          "schema_version": 0,
          "attributes": {
            "created_at": "2025-06-27 08:25:54 +0000 UTC",
            "id": "benchmarkjava:MVN_DEV_REPO_DEPLOY_SNAPSHOTS",
            "repository": "benchmarkjava",
            "updated_at": "2025-06-27 08:38:33 +0000 UTC",
            "value": "w2-week2-maven-dev-virtual",
            "variable_name": "MVN_DEV_REPO_DEPLOY_SNAPSHOTS"
          },
          "sensitive_attributes": [],
          "private": "bnVsbA=="
        }
      ]
    },
    {
      "mode": "managed",
      "type": "github_actions_variable",
      "name": "var3",
      "provider": "provider[\"registry.terraform.io/integrations/github\"]",
      "instances": [
        {
          "schema_version": 0,
          "attributes": {
            "created_at": "2025-06-27 08:25:55 +0000 UTC",
            "id": "benchmarkjava:MVN_DEV_REPO_RESOLVE_RELEASES",
            "repository": "benchmarkjava",
            "updated_at": "2025-06-27 08:38:34 +0000 UTC",
            "value": "w2-week2-maven-dev-virtual",
            "variable_name": "MVN_DEV_REPO_RESOLVE_RELEASES"
          },
          "sensitive_attributes": [],
          "private": "bnVsbA=="
        }
      ]
    },
    {
      "mode": "managed",
      "type": "github_actions_variable",
      "name": "var4",
      "provider": "provider[\"registry.terraform.io/integrations/github\"]",
      "instances": [
        {
          "schema_version": 0,
          "attributes": {
            "created_at": "2025-06-27 08:25:47 +0000 UTC",
            "id": "benchmarkjava:MVN_DEV_REPO_RESOLVE_SNAPSHOTS",
            "repository": "benchmarkjava",
            "updated_at": "2025-06-27 08:38:29 +0000 UTC",
            "value": "w2-week2-maven-dev-virtual",
            "variable_name": "MVN_DEV_REPO_RESOLVE_SNAPSHOTS"
          },
          "sensitive_attributes": [],
          "private": "bnVsbA=="
        }
      ]
    },
    {
      "mode": "managed",
      "type": "github_actions_variable",
      "name": "var5",
      "provider": "provider[\"registry.terraform.io/integrations/github\"]",
      "instances": [
        {
          "schema_version": 0,
          "attributes": {
            "created_at": "2025-06-27 08:25:53 +0000 UTC",
            "id": "benchmarkjava:JFROG_PROJECT",
            "repository": "benchmarkjava",
            "updated_at": "2025-06-27 08:38:28 +0000 UTC",
            "value": "sai",
            "variable_name": "JFROG_PROJECT"
          },
          "sensitive_attributes": [],
          "private": "bnVsbA=="
        }
      ]
    },
    {
      "mode": "managed",
      "type": "github_actions_variable",
      "name": "var6",
      "provider": "provider[\"registry.terraform.io/integrations/github\"]",
      "instances": [
        {
          "schema_version": 0,
          "attributes": {
            "created_at": "2025-06-27 08:25:49 +0000 UTC",
            "id": "benchmarkjava:OIDC_PROVIDER_NAME",
            "repository": "benchmarkjava",
            "updated_at": "2025-06-27 08:39:09 +0000 UTC",
            "value": "rodolphef-benchmarkjava",
            "variable_name": "OIDC_PROVIDER_NAME"
          },
          "sensitive_attributes": [],
          "private": "bnVsbA=="
        }
      ]
    },
    {
      "mode": "managed",
      "type": "github_actions_variable",
      "name": "var7",
      "provider": "provider[\"registry.terraform.io/integrations/github\"]",
      "instances": [
        {
          "schema_version": 0,
          "attributes": {
            "created_at": "2025-06-27 08:25:50 +0000 UTC",
            "id": "benchmarkjava:OIDC_AUDIENCE",
            "repository": "benchmarkjava",
            "updated_at": "2025-06-27 08:38:30 +0000 UTC",
            "value": "rodolphef-benchmarkjava-audience",
            "variable_name": "OIDC_AUDIENCE"
          },
          "sensitive_attributes": [],
          "private": "bnVsbA=="
        }
      ]
    },
    {
      "mode": "managed",
      "type": "github_actions_variable",
      "name": "var8",
      "provider": "provider[\"registry.terraform.io/integrations/github\"]",
      "instances": [
        {
          "schema_version": 0,
          "attributes": {
            "created_at": "2025-06-27 08:25:48 +0000 UTC",
            "id": "benchmarkjava:OIDC_IDENTITY_MAPPING",
            "repository": "benchmarkjava",
            "updated_at": "2025-06-27 08:38:26 +0000 UTC",
            "value": "rodolphef-benchmarkjava-mapping",
            "variable_name": "OIDC_IDENTITY_MAPPING"
          },
          "sensitive_attributes": [],
          "private": "bnVsbA=="
        }
      ]
    }
  ],
  "check_results": null
}
